
Microsoft Visual Studio Solution File, Format Version 12.00
# Visual Studio 15
VisualStudioVersion = 15.0.27428.2015
MinimumVisualStudioVersion = 10.0.40219.1
Project("{FAE04EC0-301F-11D3-BF4B-00C04F79EFBC}") = "ListaEncadeada", "MusicPlayer\ListaEncadeada.csproj", "{4D8A6734-8E15-4DF5-8EC4-19EDC113C24B}"
EndProject
Global
	GlobalSection(SolutionConfigurationPlatforms) = preSolution
		Debug|Any CPU = Debug|Any CPU
		Release|Any CPU = Release|Any CPU
	EndGlobalSection
	GlobalSection(ProjectConfigurationPlatforms) = postSolution
		{4D8A6734-8E15-4DF5-8EC4-19EDC113C24B}.Debug|Any CPU.ActiveCfg = Debug|Any CPU
		{4D8A6734-8E15-4DF5-8EC4-19EDC113C24B}.Debug|Any CPU.Build.0 = Debug|Any CPU
		{4D8A6734-8E15-4DF5-8EC4-19EDC113C24B}.Release|Any CPU.ActiveCfg = Release|Any CPU
		{4D8A6734-8E15-4DF5-8EC4-19EDC113C24B}.Release|Any CPU.Build.0 = Release|Any CPU
	EndGlobalSection
	GlobalSection(SolutionProperties) = preSolution
		HideSolutionNode = FALSE
	EndGlobalSection
	GlobalSection(ExtensibilityGlobals) = postSolution
		SolutionGuid = {FA2A4116-978F-47A9-8E7C-A1EDB0854290}
	EndGlobalSection
EndGlobal
